
Microsoft Visual Studio Solution File, Format Version 12.00
# Visual Studio Version 17
VisualStudioVersion = 17.11.35303.130
MinimumVisualStudioVersion = 10.0.40219.1
Project("{FAE04EC0-301F-11D3-BF4B-00C04F79EFBC}") = "US4", "US4.csproj", "{1CA57A4A-9E9B-487C-8E76-5B9539486AF5}"
EndProject
Global
	GlobalSection(SolutionConfigurationPlatforms) = preSolution
		Debug|Any CPU = Debug|Any CPU
		Release|Any CPU = Release|Any CPU
	EndGlobalSection
	GlobalSection(ProjectConfigurationPlatforms) = postSolution
		{1CA57A4A-9E9B-487C-8E76-5B9539486AF5}.Debug|Any CPU.ActiveCfg = Debug|Any CPU
		{1CA57A4A-9E9B-487C-8E76-5B9539486AF5}.Debug|Any CPU.Build.0 = Debug|Any CPU
		{1CA57A4A-9E9B-487C-8E76-5B9539486AF5}.Release|Any CPU.ActiveCfg = Release|Any CPU
		{1CA57A4A-9E9B-487C-8E76-5B9539486AF5}.Release|Any CPU.Build.0 = Release|Any CPU
	EndGlobalSection
	GlobalSection(SolutionProperties) = preSolution
		HideSolutionNode = FALSE
	EndGlobalSection
	GlobalSection(ExtensibilityGlobals) = postSolution
		SolutionGuid = {6A0AE785-4891-45BF-8D92-EC9A6300A123}
	EndGlobalSection
EndGlobal
